
Microsoft Visual Studio Solution File, Format Version 12.00
# Visual Studio Version 17
VisualStudioVersion = 17.5.33516.290
MinimumVisualStudioVersion = 10.0.40219.1
Project("{FAE04EC0-301F-11D3-BF4B-00C04F79EFBC}") = "TLOnePage", "TLOnePage.csproj", "{680FDD1B-FABE-4925-A97B-B8D5738A077E}"
EndProject
Global
	GlobalSection(SolutionConfigurationPlatforms) = preSolution
		Debug|Any CPU = Debug|Any CPU
		Release|Any CPU = Release|Any CPU
	EndGlobalSection
	GlobalSection(ProjectConfigurationPlatforms) = postSolution
		{680FDD1B-FABE-4925-A97B-B8D5738A077E}.Debug|Any CPU.ActiveCfg = Debug|Any CPU
		{680FDD1B-FABE-4925-A97B-B8D5738A077E}.Debug|Any CPU.Build.0 = Debug|Any CPU
		{680FDD1B-FABE-4925-A97B-B8D5738A077E}.Release|Any CPU.ActiveCfg = Release|Any CPU
		{680FDD1B-FABE-4925-A97B-B8D5738A077E}.Release|Any CPU.Build.0 = Release|Any CPU
	EndGlobalSection
	GlobalSection(SolutionProperties) = preSolution
		HideSolutionNode = FALSE
	EndGlobalSection
	GlobalSection(ExtensibilityGlobals) = postSolution
		SolutionGuid = {4CDEA47F-46A9-4EB5-80ED-66CBC326535D}
	EndGlobalSection
EndGlobal
